
Microsoft Visual Studio Solution File, Format Version 12.00
# Visual Studio Version 17
VisualStudioVersion = 17.8.34309.116
MinimumVisualStudioVersion = 10.0.40219.1
Project("{9A19103F-16F7-4668-BE54-9A1E7A4F7556}") = "FlightsAggregator.Server", "FlightsAggregator\Server\FlightsAggregator.Server.csproj", "{CCBE2635-EBEB-491A-94B5-82374D4D0B40}"
EndProject
Project("{9A19103F-16F7-4668-BE54-9A1E7A4F7556}") = "FlightsAggregator.Client", "FlightsAggregator\Client\FlightsAggregator.Client.csproj", "{43C83D5D-047E-40AB-A436-5A1FB729475B}"
EndProject
Project("{9A19103F-16F7-4668-BE54-9A1E7A4F7556}") = "FlightsAggregator.Shared", "FlightsAggregator\Shared\FlightsAggregator.Shared.csproj", "{6411BF8D-94DC-4E18-A28E-0BB656BDE0A9}"
EndProject
Project("{FAE04EC0-301F-11D3-BF4B-00C04F79EFBC}") = "FlightsAggregator.Services", "FlightsAggregator.Services\FlightsAggregator.Services.csproj", "{CB9B8B50-98A4-4257-94FC-1DFA0D31B6BE}"
EndProject
Project("{2150E333-8FDC-42A3-9474-1A3956D46DE8}") = "Tests", "Tests", "{E956E3F9-EA62-4565-9B8E-55D52EB3CE5F}"
EndProject
Project("{2150E333-8FDC-42A3-9474-1A3956D46DE8}") = "UnitTests", "UnitTests", "{36523928-C215-4FCA-9568-8C8A27594D65}"
EndProject
Project("{FAE04EC0-301F-11D3-BF4B-00C04F79EFBC}") = "TestsFlightsAggregator.Services", "Tests\UnitTests\TestsFlightsAggregator.Services\TestsFlightsAggregator.Services.csproj", "{3E4587B9-5010-4247-A4EB-77C626B50B7E}"
EndProject
Global
	GlobalSection(SolutionConfigurationPlatforms) = preSolution
		Debug|Any CPU = Debug|Any CPU
		Release|Any CPU = Release|Any CPU
	EndGlobalSection
	GlobalSection(ProjectConfigurationPlatforms) = postSolution
		{CCBE2635-EBEB-491A-94B5-82374D4D0B40}.Debug|Any CPU.ActiveCfg = Debug|Any CPU
		{CCBE2635-EBEB-491A-94B5-82374D4D0B40}.Debug|Any CPU.Build.0 = Debug|Any CPU
		{CCBE2635-EBEB-491A-94B5-82374D4D0B40}.Release|Any CPU.ActiveCfg = Release|Any CPU
		{CCBE2635-EBEB-491A-94B5-82374D4D0B40}.Release|Any CPU.Build.0 = Release|Any CPU
		{43C83D5D-047E-40AB-A436-5A1FB729475B}.Debug|Any CPU.ActiveCfg = Debug|Any CPU
		{43C83D5D-047E-40AB-A436-5A1FB729475B}.Debug|Any CPU.Build.0 = Debug|Any CPU
		{43C83D5D-047E-40AB-A436-5A1FB729475B}.Release|Any CPU.ActiveCfg = Release|Any CPU
		{43C83D5D-047E-40AB-A436-5A1FB729475B}.Release|Any CPU.Build.0 = Release|Any CPU
		{6411BF8D-94DC-4E18-A28E-0BB656BDE0A9}.Debug|Any CPU.ActiveCfg = Debug|Any CPU
		{6411BF8D-94DC-4E18-A28E-0BB656BDE0A9}.Debug|Any CPU.Build.0 = Debug|Any CPU
		{6411BF8D-94DC-4E18-A28E-0BB656BDE0A9}.Release|Any CPU.ActiveCfg = Release|Any CPU
		{6411BF8D-94DC-4E18-A28E-0BB656BDE0A9}.Release|Any CPU.Build.0 = Release|Any CPU
		{CB9B8B50-98A4-4257-94FC-1DFA0D31B6BE}.Debug|Any CPU.ActiveCfg = Debug|Any CPU
		{CB9B8B50-98A4-4257-94FC-1DFA0D31B6BE}.Debug|Any CPU.Build.0 = Debug|Any CPU
		{CB9B8B50-98A4-4257-94FC-1DFA0D31B6BE}.Release|Any CPU.ActiveCfg = Release|Any CPU
		{CB9B8B50-98A4-4257-94FC-1DFA0D31B6BE}.Release|Any CPU.Build.0 = Release|Any CPU
		{3E4587B9-5010-4247-A4EB-77C626B50B7E}.Debug|Any CPU.ActiveCfg = Debug|Any CPU
		{3E4587B9-5010-4247-A4EB-77C626B50B7E}.Debug|Any CPU.Build.0 = Debug|Any CPU
		{3E4587B9-5010-4247-A4EB-77C626B50B7E}.Release|Any CPU.ActiveCfg = Release|Any CPU
		{3E4587B9-5010-4247-A4EB-77C626B50B7E}.Release|Any CPU.Build.0 = Release|Any CPU
	EndGlobalSection
	GlobalSection(SolutionProperties) = preSolution
		HideSolutionNode = FALSE
	EndGlobalSection
	GlobalSection(NestedProjects) = preSolution
		{36523928-C215-4FCA-9568-8C8A27594D65} = {E956E3F9-EA62-4565-9B8E-55D52EB3CE5F}
		{3E4587B9-5010-4247-A4EB-77C626B50B7E} = {36523928-C215-4FCA-9568-8C8A27594D65}
	EndGlobalSection
	GlobalSection(ExtensibilityGlobals) = postSolution
		SolutionGuid = {A2300814-59FA-4969-8FBE-B4BCF749DFE4}
	EndGlobalSection
EndGlobal
